
Microsoft Visual Studio Solution File, Format Version 12.00
# Visual Studio Version 17
VisualStudioVersion = 17.9.34714.143
MinimumVisualStudioVersion = 10.0.40219.1
Project("{9A19103F-16F7-4668-BE54-9A1E7A4F7556}") = "PlayerService", "PlayerService\PlayerService.csproj", "{8477349A-0E51-4786-BEA9-C76738B7CF98}"
EndProject
Project("{9A19103F-16F7-4668-BE54-9A1E7A4F7556}") = "PlayerService.Tests", "PlayerService.Tests\PlayerService.Tests.csproj", "{F888A575-CD96-4B0D-BF03-F3F3D3E1BFAF}"
EndProject
Project("{FAE04EC0-301F-11D3-BF4B-00C04F79EFBC}") = "LobbyService", "LobbyService\LobbyService.csproj", "{F394D98C-977F-4069-B36B-9FF7FDC2438D}"
EndProject
Global
	GlobalSection(SolutionConfigurationPlatforms) = preSolution
		Debug|Any CPU = Debug|Any CPU
		Release|Any CPU = Release|Any CPU
	EndGlobalSection
	GlobalSection(ProjectConfigurationPlatforms) = postSolution
		{8477349A-0E51-4786-BEA9-C76738B7CF98}.Debug|Any CPU.ActiveCfg = Debug|Any CPU
		{8477349A-0E51-4786-BEA9-C76738B7CF98}.Debug|Any CPU.Build.0 = Debug|Any CPU
		{8477349A-0E51-4786-BEA9-C76738B7CF98}.Release|Any CPU.ActiveCfg = Release|Any CPU
		{8477349A-0E51-4786-BEA9-C76738B7CF98}.Release|Any CPU.Build.0 = Release|Any CPU
		{F888A575-CD96-4B0D-BF03-F3F3D3E1BFAF}.Debug|Any CPU.ActiveCfg = Debug|Any CPU
		{F888A575-CD96-4B0D-BF03-F3F3D3E1BFAF}.Debug|Any CPU.Build.0 = Debug|Any CPU
		{F888A575-CD96-4B0D-BF03-F3F3D3E1BFAF}.Release|Any CPU.ActiveCfg = Release|Any CPU
		{F888A575-CD96-4B0D-BF03-F3F3D3E1BFAF}.Release|Any CPU.Build.0 = Release|Any CPU
		{F394D98C-977F-4069-B36B-9FF7FDC2438D}.Debug|Any CPU.ActiveCfg = Debug|Any CPU
		{F394D98C-977F-4069-B36B-9FF7FDC2438D}.Debug|Any CPU.Build.0 = Debug|Any CPU
		{F394D98C-977F-4069-B36B-9FF7FDC2438D}.Release|Any CPU.ActiveCfg = Release|Any CPU
		{F394D98C-977F-4069-B36B-9FF7FDC2438D}.Release|Any CPU.Build.0 = Release|Any CPU
	EndGlobalSection
	GlobalSection(SolutionProperties) = preSolution
		HideSolutionNode = FALSE
	EndGlobalSection
	GlobalSection(ExtensibilityGlobals) = postSolution
		SolutionGuid = {F77D1C51-922C-4F55-B6C8-5C14B699DFA8}
	EndGlobalSection
EndGlobal
